
Microsoft Visual Studio Solution File, Format Version 12.00
Project("{FAE04EC0-301F-11D3-BF4B-00C04F79EFBC}") = "aws-backup", "aws-backup\aws-backup.csproj", "{D5B2FC7F-10BA-41AF-86B8-D3C5481C61CE}"
EndProject
Project("{FAE04EC0-301F-11D3-BF4B-00C04F79EFBC}") = "test", "test\test.csproj", "{9D0E7828-BCE0-4645-BB4C-83F6950C72C6}"
EndProject
Project("{FAE04EC0-301F-11D3-BF4B-00C04F79EFBC}") = "cert-gen", "cert-gen\cert-gen.csproj", "{56BDEA72-AE1B-4253-BE93-28E1B3CA25F8}"
EndProject
Project("{FAE04EC0-301F-11D3-BF4B-00C04F79EFBC}") = "aws-backup-commands", "aws-backup-commands\aws-backup-commands.csproj", "{B3A9B6E9-E138-42E7-BE80-9F0E026A98E0}"
EndProject
Project("{FAE04EC0-301F-11D3-BF4B-00C04F79EFBC}") = "aws-backup-common", "aws-backup-common\aws-backup-common.csproj", "{DAC52D4F-A7E2-4F37-A4D3-4AE788B76908}"
EndProject
Project("{FAE04EC0-301F-11D3-BF4B-00C04F79EFBC}") = "ssm-param", "ssm-param\ssm-param.csproj", "{AF776575-0C09-4F7F-934F-41C01C1B80F7}"
EndProject
Project("{FAE04EC0-301F-11D3-BF4B-00C04F79EFBC}") = "temporary-credentials", "temporary-credentials\temporary-credentials.csproj", "{8A38DA9B-8A17-4D66-8124-1B6941B5EB6E}"
EndProject
Project("{FAE04EC0-301F-11D3-BF4B-00C04F79EFBC}") = "schedule-task", "schedule-task\schedule-task.csproj", "{B8A1B825-B5E2-45AB-9904-18308BAC09A4}"
EndProject
Global
	GlobalSection(SolutionConfigurationPlatforms) = preSolution
		Debug|Any CPU = Debug|Any CPU
		Release|Any CPU = Release|Any CPU
	EndGlobalSection
	GlobalSection(ProjectConfigurationPlatforms) = postSolution
		{D5B2FC7F-10BA-41AF-86B8-D3C5481C61CE}.Debug|Any CPU.ActiveCfg = Debug|Any CPU
		{D5B2FC7F-10BA-41AF-86B8-D3C5481C61CE}.Debug|Any CPU.Build.0 = Debug|Any CPU
		{D5B2FC7F-10BA-41AF-86B8-D3C5481C61CE}.Release|Any CPU.ActiveCfg = Release|Any CPU
		{D5B2FC7F-10BA-41AF-86B8-D3C5481C61CE}.Release|Any CPU.Build.0 = Release|Any CPU
		{9D0E7828-BCE0-4645-BB4C-83F6950C72C6}.Debug|Any CPU.ActiveCfg = Debug|Any CPU
		{9D0E7828-BCE0-4645-BB4C-83F6950C72C6}.Debug|Any CPU.Build.0 = Debug|Any CPU
		{9D0E7828-BCE0-4645-BB4C-83F6950C72C6}.Release|Any CPU.ActiveCfg = Release|Any CPU
		{9D0E7828-BCE0-4645-BB4C-83F6950C72C6}.Release|Any CPU.Build.0 = Release|Any CPU
		{56BDEA72-AE1B-4253-BE93-28E1B3CA25F8}.Debug|Any CPU.ActiveCfg = Debug|Any CPU
		{56BDEA72-AE1B-4253-BE93-28E1B3CA25F8}.Debug|Any CPU.Build.0 = Debug|Any CPU
		{56BDEA72-AE1B-4253-BE93-28E1B3CA25F8}.Release|Any CPU.ActiveCfg = Release|Any CPU
		{56BDEA72-AE1B-4253-BE93-28E1B3CA25F8}.Release|Any CPU.Build.0 = Release|Any CPU
		{B3A9B6E9-E138-42E7-BE80-9F0E026A98E0}.Debug|Any CPU.ActiveCfg = Debug|Any CPU
		{B3A9B6E9-E138-42E7-BE80-9F0E026A98E0}.Debug|Any CPU.Build.0 = Debug|Any CPU
		{B3A9B6E9-E138-42E7-BE80-9F0E026A98E0}.Release|Any CPU.ActiveCfg = Release|Any CPU
		{B3A9B6E9-E138-42E7-BE80-9F0E026A98E0}.Release|Any CPU.Build.0 = Release|Any CPU
		{DAC52D4F-A7E2-4F37-A4D3-4AE788B76908}.Debug|Any CPU.ActiveCfg = Debug|Any CPU
		{DAC52D4F-A7E2-4F37-A4D3-4AE788B76908}.Debug|Any CPU.Build.0 = Debug|Any CPU
		{DAC52D4F-A7E2-4F37-A4D3-4AE788B76908}.Release|Any CPU.ActiveCfg = Release|Any CPU
		{DAC52D4F-A7E2-4F37-A4D3-4AE788B76908}.Release|Any CPU.Build.0 = Release|Any CPU
		{AF776575-0C09-4F7F-934F-41C01C1B80F7}.Debug|Any CPU.ActiveCfg = Debug|Any CPU
		{AF776575-0C09-4F7F-934F-41C01C1B80F7}.Debug|Any CPU.Build.0 = Debug|Any CPU
		{AF776575-0C09-4F7F-934F-41C01C1B80F7}.Release|Any CPU.ActiveCfg = Release|Any CPU
		{AF776575-0C09-4F7F-934F-41C01C1B80F7}.Release|Any CPU.Build.0 = Release|Any CPU
		{8A38DA9B-8A17-4D66-8124-1B6941B5EB6E}.Debug|Any CPU.ActiveCfg = Debug|Any CPU
		{8A38DA9B-8A17-4D66-8124-1B6941B5EB6E}.Debug|Any CPU.Build.0 = Debug|Any CPU
		{8A38DA9B-8A17-4D66-8124-1B6941B5EB6E}.Release|Any CPU.ActiveCfg = Release|Any CPU
		{8A38DA9B-8A17-4D66-8124-1B6941B5EB6E}.Release|Any CPU.Build.0 = Release|Any CPU
		{B8A1B825-B5E2-45AB-9904-18308BAC09A4}.Debug|Any CPU.ActiveCfg = Debug|Any CPU
		{B8A1B825-B5E2-45AB-9904-18308BAC09A4}.Debug|Any CPU.Build.0 = Debug|Any CPU
		{B8A1B825-B5E2-45AB-9904-18308BAC09A4}.Release|Any CPU.ActiveCfg = Release|Any CPU
		{B8A1B825-B5E2-45AB-9904-18308BAC09A4}.Release|Any CPU.Build.0 = Release|Any CPU
	EndGlobalSection
EndGlobal
